
Microsoft Visual Studio Solution File, Format Version 12.00
# Visual Studio Version 17
VisualStudioVersion = 17.9.34728.123
MinimumVisualStudioVersion = 10.0.40219.1
Project("{9A19103F-16F7-4668-BE54-9A1E7A4F7556}") = "KomunikatorTCP_WPF", "KomunikatorTCP_WPF\KomunikatorTCP_WPF.csproj", "{F873B81E-ED7D-4742-AAD1-E6EA24738E2A}"
EndProject
Project("{FAE04EC0-301F-11D3-BF4B-00C04F79EFBC}") = "KomunikatorTCP_Server", "KomunikatorTCP_Server\KomunikatorTCP_Server.csproj", "{589BACC3-8E88-482F-896D-75B0F08F6C8B}"
EndProject
Global
	GlobalSection(SolutionConfigurationPlatforms) = preSolution
		Debug|Any CPU = Debug|Any CPU
		Release|Any CPU = Release|Any CPU
	EndGlobalSection
	GlobalSection(ProjectConfigurationPlatforms) = postSolution
		{F873B81E-ED7D-4742-AAD1-E6EA24738E2A}.Debug|Any CPU.ActiveCfg = Debug|Any CPU
		{F873B81E-ED7D-4742-AAD1-E6EA24738E2A}.Debug|Any CPU.Build.0 = Debug|Any CPU
		{F873B81E-ED7D-4742-AAD1-E6EA24738E2A}.Release|Any CPU.ActiveCfg = Release|Any CPU
		{F873B81E-ED7D-4742-AAD1-E6EA24738E2A}.Release|Any CPU.Build.0 = Release|Any CPU
		{589BACC3-8E88-482F-896D-75B0F08F6C8B}.Debug|Any CPU.ActiveCfg = Debug|Any CPU
		{589BACC3-8E88-482F-896D-75B0F08F6C8B}.Debug|Any CPU.Build.0 = Debug|Any CPU
		{589BACC3-8E88-482F-896D-75B0F08F6C8B}.Release|Any CPU.ActiveCfg = Release|Any CPU
		{589BACC3-8E88-482F-896D-75B0F08F6C8B}.Release|Any CPU.Build.0 = Release|Any CPU
	EndGlobalSection
	GlobalSection(SolutionProperties) = preSolution
		HideSolutionNode = FALSE
	EndGlobalSection
	GlobalSection(ExtensibilityGlobals) = postSolution
		SolutionGuid = {433020CD-0D44-421E-9C8D-0B8C31181098}
	EndGlobalSection
EndGlobal
